
Microsoft Visual Studio Solution File, Format Version 12.00
# Visual Studio 15
VisualStudioVersion = 15.0.28010.2048
MinimumVisualStudioVersion = 10.0.40219.1
Project("{9A19103F-16F7-4668-BE54-9A1E7A4F7556}") = "conferenceroombooking", "conferenceroombooking.csproj", "{D2717DFC-E697-4B6C-9BF4-CFC9333EED81}"
EndProject
Global
	GlobalSection(SolutionConfigurationPlatforms) = preSolution
		Debug|Any CPU = Debug|Any CPU
		Release|Any CPU = Release|Any CPU
	EndGlobalSection
	GlobalSection(ProjectConfigurationPlatforms) = postSolution
		{D2717DFC-E697-4B6C-9BF4-CFC9333EED81}.Debug|Any CPU.ActiveCfg = Debug|Any CPU
		{D2717DFC-E697-4B6C-9BF4-CFC9333EED81}.Debug|Any CPU.Build.0 = Debug|Any CPU
		{D2717DFC-E697-4B6C-9BF4-CFC9333EED81}.Release|Any CPU.ActiveCfg = Release|Any CPU
		{D2717DFC-E697-4B6C-9BF4-CFC9333EED81}.Release|Any CPU.Build.0 = Release|Any CPU
	EndGlobalSection
	GlobalSection(SolutionProperties) = preSolution
		HideSolutionNode = FALSE
	EndGlobalSection
	GlobalSection(ExtensibilityGlobals) = postSolution
		SolutionGuid = {2FCDF6AB-829C-434D-B9D4-46B6F8C6A7B2}
	EndGlobalSection
EndGlobal
